# This file is autogenerated, do not edit; changes may be undone by the next 'dep ensure'.


[[projects]]
  name = "github.com/aws/aws-sdk-go"
  packages = ["aws","aws/awserr","aws/awsutil","aws/client","aws/client/metadata","aws/corehandlers","aws/credentials","aws/credentials/ec2rolecreds","aws/credentials/endpointcreds","aws/credentials/stscreds","aws/defaults","aws/ec2metadata","aws/endpoints","aws/request","aws/session","aws/signer/v4","internal/shareddefaults","private/protocol","private/protocol/query","private/protocol/query/queryutil","private/protocol/rest","private/protocol/xml/xmlutil","service/sqs","service/sqs/sqsiface","service/sts"]
  revision = "32d0e45c3f93cd20c25614183246d7e34bc7385c"
  version = "v1.12.52"

[[projects]]
  name = "github.com/go-ini/ini"
  packages = ["."]
  revision = "32e4c1e6bc4e7d0d8451aa6b75200d19e37a536a"
  version = "v1.32.0"

[[projects]]
  name = "github.com/jmespath/go-jmespath"
  packages = ["."]
  revision = "0b12d6b5"

[[projects]]
  branch = "master"
  name = "github.com/matryer/is"
  packages = ["."]
  revision = "c0323ceb4e996e4a8795670d1fb6f60e65b82fd2"

[[projects]]
  name = "github.com/matryer/vice"
  packages = [".","queues/sqs"]
  revision = "b43d8efdd2a26ca83fec74eaec9273f8c3f06d67"
  version = "v0.1.0"

[[projects]]
  branch = "master"
  name = "github.com/nicholasjackson/rcswitch"
  packages = ["."]
  revision = "f240c39de94b6647a39a5b441cb0732d2885be3b"

[[projects]]
  name = "periph.io/x/periph"
  packages = ["conn/gpio","conn/gpio/gpioreg","conn/pin"]
  revision = "bdb4e4c4979bc79ee8c99e6432bd16519d7902a1"
  version = "v2.1.0"

[solve-meta]
  analyzer-name = "dep"
  analyzer-version = 1
  inputs-digest = "55ec0407982e57d7b978742d11fc65201b2c3ce29459bc5a73ed5fb598579020"
  solver-name = "gps-cdcl"
  solver-version = 1
